
Microsoft Visual Studio Solution File, Format Version 12.00
Project("{FAE04EC0-301F-11D3-BF4B-00C04F79EFBC}") = "DesafioBackEnd.Domain", "DesafioBackEnd.Domain\DesafioBackEnd.Domain.csproj", "{B5E86A9F-A5D6-4A02-842E-64D9B24EA981}"
EndProject
Project("{FAE04EC0-301F-11D3-BF4B-00C04F79EFBC}") = "DesafioBackEnd.Infra", "DesafioBackEnd.Infra\DesafioBackEnd.Infra.csproj", "{86C62BEC-8F21-4F40-B0CB-BF7FACFA1B9B}"
EndProject
Project("{FAE04EC0-301F-11D3-BF4B-00C04F79EFBC}") = "DesafioBackEnd.Service", "DesafioBackEnd.Service\DesafioBackEnd.Service.csproj", "{C3F46B2B-6C67-4149-8B44-4DC76EF5C6A8}"
EndProject
Project("{FAE04EC0-301F-11D3-BF4B-00C04F79EFBC}") = "DesafioBackEnd.Test", "DesafioBackEnd.Test\DesafioBackEnd.Test.csproj", "{650C7A14-8C8C-469A-A6B4-4B317D44D164}"
EndProject
Project("{FAE04EC0-301F-11D3-BF4B-00C04F79EFBC}") = "DesafioBackEnd.Api", "DesafioBackEnd.Api\DesafioBackEnd.Api.csproj", "{0A205954-89F0-4282-908E-114E4F6254F5}"
EndProject
Global
	GlobalSection(SolutionConfigurationPlatforms) = preSolution
		Debug|Any CPU = Debug|Any CPU
		Release|Any CPU = Release|Any CPU
	EndGlobalSection
	GlobalSection(ProjectConfigurationPlatforms) = postSolution
		{B5E86A9F-A5D6-4A02-842E-64D9B24EA981}.Debug|Any CPU.ActiveCfg = Debug|Any CPU
		{B5E86A9F-A5D6-4A02-842E-64D9B24EA981}.Debug|Any CPU.Build.0 = Debug|Any CPU
		{B5E86A9F-A5D6-4A02-842E-64D9B24EA981}.Release|Any CPU.ActiveCfg = Release|Any CPU
		{B5E86A9F-A5D6-4A02-842E-64D9B24EA981}.Release|Any CPU.Build.0 = Release|Any CPU
		{86C62BEC-8F21-4F40-B0CB-BF7FACFA1B9B}.Debug|Any CPU.ActiveCfg = Debug|Any CPU
		{86C62BEC-8F21-4F40-B0CB-BF7FACFA1B9B}.Debug|Any CPU.Build.0 = Debug|Any CPU
		{86C62BEC-8F21-4F40-B0CB-BF7FACFA1B9B}.Release|Any CPU.ActiveCfg = Release|Any CPU
		{86C62BEC-8F21-4F40-B0CB-BF7FACFA1B9B}.Release|Any CPU.Build.0 = Release|Any CPU
		{C3F46B2B-6C67-4149-8B44-4DC76EF5C6A8}.Debug|Any CPU.ActiveCfg = Debug|Any CPU
		{C3F46B2B-6C67-4149-8B44-4DC76EF5C6A8}.Debug|Any CPU.Build.0 = Debug|Any CPU
		{C3F46B2B-6C67-4149-8B44-4DC76EF5C6A8}.Release|Any CPU.ActiveCfg = Release|Any CPU
		{C3F46B2B-6C67-4149-8B44-4DC76EF5C6A8}.Release|Any CPU.Build.0 = Release|Any CPU
		{650C7A14-8C8C-469A-A6B4-4B317D44D164}.Debug|Any CPU.ActiveCfg = Debug|Any CPU
		{650C7A14-8C8C-469A-A6B4-4B317D44D164}.Debug|Any CPU.Build.0 = Debug|Any CPU
		{650C7A14-8C8C-469A-A6B4-4B317D44D164}.Release|Any CPU.ActiveCfg = Release|Any CPU
		{650C7A14-8C8C-469A-A6B4-4B317D44D164}.Release|Any CPU.Build.0 = Release|Any CPU
		{0A205954-89F0-4282-908E-114E4F6254F5}.Debug|Any CPU.ActiveCfg = Debug|Any CPU
		{0A205954-89F0-4282-908E-114E4F6254F5}.Debug|Any CPU.Build.0 = Debug|Any CPU
		{0A205954-89F0-4282-908E-114E4F6254F5}.Release|Any CPU.ActiveCfg = Release|Any CPU
		{0A205954-89F0-4282-908E-114E4F6254F5}.Release|Any CPU.Build.0 = Release|Any CPU
	EndGlobalSection
EndGlobal
