
Microsoft Visual Studio Solution File, Format Version 12.00
Project("{FAE04EC0-301F-11D3-BF4B-00C04F79EFBC}") = "DesafioBackEnd.Web", "DesafioBackEnd.Web\DesafioBackEnd.Web.csproj", "{8D72A16E-8ED7-4783-83B5-220492558E39}"
EndProject
Project("{FAE04EC0-301F-11D3-BF4B-00C04F79EFBC}") = "DesafioBackEnd.Domain", "DesafioBackEnd.Domain\DesafioBackEnd.Domain.csproj", "{B5E86A9F-A5D6-4A02-842E-64D9B24EA981}"
EndProject
Global
	GlobalSection(SolutionConfigurationPlatforms) = preSolution
		Debug|Any CPU = Debug|Any CPU
		Release|Any CPU = Release|Any CPU
	EndGlobalSection
	GlobalSection(ProjectConfigurationPlatforms) = postSolution
		{8D72A16E-8ED7-4783-83B5-220492558E39}.Debug|Any CPU.ActiveCfg = Debug|Any CPU
		{8D72A16E-8ED7-4783-83B5-220492558E39}.Debug|Any CPU.Build.0 = Debug|Any CPU
		{8D72A16E-8ED7-4783-83B5-220492558E39}.Release|Any CPU.ActiveCfg = Release|Any CPU
		{8D72A16E-8ED7-4783-83B5-220492558E39}.Release|Any CPU.Build.0 = Release|Any CPU
		{B5E86A9F-A5D6-4A02-842E-64D9B24EA981}.Debug|Any CPU.ActiveCfg = Debug|Any CPU
		{B5E86A9F-A5D6-4A02-842E-64D9B24EA981}.Debug|Any CPU.Build.0 = Debug|Any CPU
		{B5E86A9F-A5D6-4A02-842E-64D9B24EA981}.Release|Any CPU.ActiveCfg = Release|Any CPU
		{B5E86A9F-A5D6-4A02-842E-64D9B24EA981}.Release|Any CPU.Build.0 = Release|Any CPU
	EndGlobalSection
EndGlobal
